
Microsoft Visual Studio Solution File, Format Version 12.00
# Visual Studio Version 16
VisualStudioVersion = 25.0.1706.0
MinimumVisualStudioVersion = 10.0.40219.1
Project("{FAE04EC0-301F-11D3-BF4B-00C04F79EFBC}") = "ConsoleDay5Presentation", "ConsoleDay5Presentation.csproj", "{45ADA617-A637-4F2B-9955-00E74AD3AFD5}"
EndProject
Project("{FAE04EC0-301F-11D3-BF4B-00C04F79EFBC}") = "ConsoleAppDay5ApplicationCore", "..\ConsoleAppDay5ApplicationCore\ConsoleAppDay5ApplicationCore.csproj", "{19702985-496B-4090-BEA3-0FCB6DA84E99}"
EndProject
Project("{FAE04EC0-301F-11D3-BF4B-00C04F79EFBC}") = "ConsoleAppDay5Infrastructure", "..\ConsoleAppDay5Infrastructure\ConsoleAppDay5Infrastructure.csproj", "{6E6DD613-BA8C-4682-9EE4-7E4E03DB162E}"
EndProject
Global
	GlobalSection(SolutionConfigurationPlatforms) = preSolution
		Debug|Any CPU = Debug|Any CPU
		Release|Any CPU = Release|Any CPU
	EndGlobalSection
	GlobalSection(ProjectConfigurationPlatforms) = postSolution
		{45ADA617-A637-4F2B-9955-00E74AD3AFD5}.Debug|Any CPU.ActiveCfg = Debug|Any CPU
		{45ADA617-A637-4F2B-9955-00E74AD3AFD5}.Debug|Any CPU.Build.0 = Debug|Any CPU
		{45ADA617-A637-4F2B-9955-00E74AD3AFD5}.Release|Any CPU.ActiveCfg = Release|Any CPU
		{45ADA617-A637-4F2B-9955-00E74AD3AFD5}.Release|Any CPU.Build.0 = Release|Any CPU
		{19702985-496B-4090-BEA3-0FCB6DA84E99}.Debug|Any CPU.ActiveCfg = Debug|Any CPU
		{19702985-496B-4090-BEA3-0FCB6DA84E99}.Debug|Any CPU.Build.0 = Debug|Any CPU
		{19702985-496B-4090-BEA3-0FCB6DA84E99}.Release|Any CPU.ActiveCfg = Release|Any CPU
		{19702985-496B-4090-BEA3-0FCB6DA84E99}.Release|Any CPU.Build.0 = Release|Any CPU
		{6E6DD613-BA8C-4682-9EE4-7E4E03DB162E}.Debug|Any CPU.ActiveCfg = Debug|Any CPU
		{6E6DD613-BA8C-4682-9EE4-7E4E03DB162E}.Debug|Any CPU.Build.0 = Debug|Any CPU
		{6E6DD613-BA8C-4682-9EE4-7E4E03DB162E}.Release|Any CPU.ActiveCfg = Release|Any CPU
		{6E6DD613-BA8C-4682-9EE4-7E4E03DB162E}.Release|Any CPU.Build.0 = Release|Any CPU
	EndGlobalSection
	GlobalSection(SolutionProperties) = preSolution
		HideSolutionNode = FALSE
	EndGlobalSection
	GlobalSection(ExtensibilityGlobals) = postSolution
		SolutionGuid = {C92C03FE-FADA-4663-B04B-6115416A3A52}
	EndGlobalSection
EndGlobal
